// !$*UTF8*$!
{
	archiveVersion = 1;
	classes = {
	};
	objectVersion = 56;
	objects = {

/* Begin PBXBuildFile section */
		3A51FAF62AF8CE1200404A4D /* Assets.xcassets in Resources */ = {isa = PBXBuildFile; fileRef = 3A51FAEF2AF8CE1200404A4D /* Assets.xcassets */; };
		3A51FAF72AF8CE1200404A4D /* Preview Assets.xcassets in Resources */ = {isa = PBXBuildFile; fileRef = 3A51FAF12AF8CE1200404A4D /* Preview Assets.xcassets */; };
		3A51FAF82AF8CE1200404A4D /* WorkoutWizApp.swift in Sources */ = {isa = PBXBuildFile; fileRef = 3A51FAF22AF8CE1200404A4D /* WorkoutWizApp.swift */; };
		3A7260062B023A7F007AF4E9 /* Domain in Resources */ = {isa = PBXBuildFile; fileRef = 3A7260052B023A7F007AF4E9 /* Domain */; };
		3A7260082B023A8D007AF4E9 /* DesignSystem in Resources */ = {isa = PBXBuildFile; fileRef = 3A7260072B023A8D007AF4E9 /* DesignSystem */; };
		3A72600A2B023A9B007AF4E9 /* ApplicationServices in Resources */ = {isa = PBXBuildFile; fileRef = 3A7260092B023A9B007AF4E9 /* ApplicationServices */; };
		3A72600C2B023AA6007AF4E9 /* FrameworksAndDrivers in Resources */ = {isa = PBXBuildFile; fileRef = 3A72600B2B023AA6007AF4E9 /* FrameworksAndDrivers */; };
		3A72600E2B023B09007AF4E9 /* ApplicationServices in Frameworks */ = {isa = PBXBuildFile; productRef = 3A72600D2B023B09007AF4E9 /* ApplicationServices */; };
		3A7260102B023B09007AF4E9 /* DesignSystem in Frameworks */ = {isa = PBXBuildFile; productRef = 3A72600F2B023B09007AF4E9 /* DesignSystem */; };
		3A7260122B023B09007AF4E9 /* Domain in Frameworks */ = {isa = PBXBuildFile; productRef = 3A7260112B023B09007AF4E9 /* Domain */; };
		3A7260142B023B75007AF4E9 /* Persistence in Frameworks */ = {isa = PBXBuildFile; productRef = 3A7260132B023B75007AF4E9 /* Persistence */; };
		3A7260162B023B78007AF4E9 /* UI in Frameworks */ = {isa = PBXBuildFile; productRef = 3A7260152B023B78007AF4E9 /* UI */; };
		3A7260182B023B85007AF4E9 /* Preferences in Frameworks */ = {isa = PBXBuildFile; productRef = 3A7260172B023B85007AF4E9 /* Preferences */; };
		3A72601E2B025F21007AF4E9 /* GoogleService-Info-Debug.plist in Resources */ = {isa = PBXBuildFile; fileRef = 3A72601C2B025F21007AF4E9 /* GoogleService-Info-Debug.plist */; };
		3A72601F2B025F21007AF4E9 /* GoogleService-Info-Release.plist in Resources */ = {isa = PBXBuildFile; fileRef = 3A72601D2B025F21007AF4E9 /* GoogleService-Info-Release.plist */; };
		3A7260222B0264D9007AF4E9 /* GoogleService-Info.plist in Resources */ = {isa = PBXBuildFile; fileRef = 3A7260212B0264D9007AF4E9 /* GoogleService-Info.plist */; };
		3ACF1A152AF8CA7B005AFB40 /* WorkoutWizTests.swift in Sources */ = {isa = PBXBuildFile; fileRef = 3ACF1A142AF8CA7B005AFB40 /* WorkoutWizTests.swift */; };
		3ACF1A1F2AF8CA7B005AFB40 /* WorkoutWizUITests.swift in Sources */ = {isa = PBXBuildFile; fileRef = 3ACF1A1E2AF8CA7B005AFB40 /* WorkoutWizUITests.swift */; };
		3ACF1A212AF8CA7B005AFB40 /* WorkoutWizUITestsLaunchTests.swift in Sources */ = {isa = PBXBuildFile; fileRef = 3ACF1A202AF8CA7B005AFB40 /* WorkoutWizUITestsLaunchTests.swift */; };
/* End PBXBuildFile section */

/* Begin PBXContainerItemProxy section */
		3ACF1A112AF8CA7B005AFB40 /* PBXContainerItemProxy */ = {
			isa = PBXContainerItemProxy;
			containerPortal = 3ACF19F52AF8CA7A005AFB40 /* Project object */;
			proxyType = 1;
			remoteGlobalIDString = 3ACF19FC2AF8CA7A005AFB40;
			remoteInfo = WorkoutWiz;
		};
		3ACF1A1B2AF8CA7B005AFB40 /* PBXContainerItemProxy */ = {
			isa = PBXContainerItemProxy;
			containerPortal = 3ACF19F52AF8CA7A005AFB40 /* Project object */;
			proxyType = 1;
			remoteGlobalIDString = 3ACF19FC2AF8CA7A005AFB40;
			remoteInfo = WorkoutWiz;
		};
/* End PBXContainerItemProxy section */

/* Begin PBXFileReference section */
		3A0D2FFC2B02386400F1F371 /* ApplicationServices.framework */ = {isa = PBXFileReference; lastKnownFileType = wrapper.framework; name = ApplicationServices.framework; path = System/Library/Frameworks/ApplicationServices.framework; sourceTree = SDKROOT; };
		3A51FAEF2AF8CE1200404A4D /* Assets.xcassets */ = {isa = PBXFileReference; lastKnownFileType = folder.assetcatalog; path = Assets.xcassets; sourceTree = "<group>"; };
		3A51FAF12AF8CE1200404A4D /* Preview Assets.xcassets */ = {isa = PBXFileReference; lastKnownFileType = folder.assetcatalog; path = "Preview Assets.xcassets"; sourceTree = "<group>"; };
		3A51FAF22AF8CE1200404A4D /* WorkoutWizApp.swift */ = {isa = PBXFileReference; fileEncoding = 4; lastKnownFileType = sourcecode.swift; path = WorkoutWizApp.swift; sourceTree = "<group>"; };
		3A51FAF32AF8CE1200404A4D /* WorkoutWiz.entitlements */ = {isa = PBXFileReference; fileEncoding = 4; lastKnownFileType = text.plist.entitlements; path = WorkoutWiz.entitlements; sourceTree = "<group>"; };
		3A7260052B023A7F007AF4E9 /* Domain */ = {isa = PBXFileReference; lastKnownFileType = wrapper; path = Domain; sourceTree = "<group>"; };
		3A7260072B023A8D007AF4E9 /* DesignSystem */ = {isa = PBXFileReference; lastKnownFileType = wrapper; path = DesignSystem; sourceTree = "<group>"; };
		3A7260092B023A9B007AF4E9 /* ApplicationServices */ = {isa = PBXFileReference; lastKnownFileType = wrapper; path = ApplicationServices; sourceTree = "<group>"; };
		3A72600B2B023AA6007AF4E9 /* FrameworksAndDrivers */ = {isa = PBXFileReference; lastKnownFileType = wrapper; path = FrameworksAndDrivers; sourceTree = "<group>"; };
		3A72601A2B025DFA007AF4E9 /* WorkoutWizApp-Debug.xcconfig */ = {isa = PBXFileReference; lastKnownFileType = text.xcconfig; path = "WorkoutWizApp-Debug.xcconfig"; sourceTree = "<group>"; };
		3A72601B2B025E17007AF4E9 /* WorkoutWizApp-Release.xcconfig */ = {isa = PBXFileReference; lastKnownFileType = text.xcconfig; path = "WorkoutWizApp-Release.xcconfig"; sourceTree = "<group>"; };
		3A72601C2B025F21007AF4E9 /* GoogleService-Info-Debug.plist */ = {isa = PBXFileReference; fileEncoding = 4; lastKnownFileType = text.plist.xml; path = "GoogleService-Info-Debug.plist"; sourceTree = "<group>"; };
		3A72601D2B025F21007AF4E9 /* GoogleService-Info-Release.plist */ = {isa = PBXFileReference; fileEncoding = 4; lastKnownFileType = text.plist.xml; path = "GoogleService-Info-Release.plist"; sourceTree = "<group>"; };
		3A7260212B0264D9007AF4E9 /* GoogleService-Info.plist */ = {isa = PBXFileReference; fileEncoding = 4; lastKnownFileType = text.plist.xml; path = "GoogleService-Info.plist"; sourceTree = "<group>"; };
		3ACF19FD2AF8CA7A005AFB40 /* WorkoutWiz.app */ = {isa = PBXFileReference; explicitFileType = wrapper.application; includeInIndex = 0; path = WorkoutWiz.app; sourceTree = BUILT_PRODUCTS_DIR; };
		3ACF1A102AF8CA7B005AFB40 /* WorkoutWizTests.xctest */ = {isa = PBXFileReference; explicitFileType = wrapper.cfbundle; includeInIndex = 0; path = WorkoutWizTests.xctest; sourceTree = BUILT_PRODUCTS_DIR; };
		3ACF1A142AF8CA7B005AFB40 /* WorkoutWizTests.swift */ = {isa = PBXFileReference; lastKnownFileType = sourcecode.swift; path = WorkoutWizTests.swift; sourceTree = "<group>"; };
		3ACF1A1A2AF8CA7B005AFB40 /* WorkoutWizUITests.xctest */ = {isa = PBXFileReference; explicitFileType = wrapper.cfbundle; includeInIndex = 0; path = WorkoutWizUITests.xctest; sourceTree = BUILT_PRODUCTS_DIR; };
		3ACF1A1E2AF8CA7B005AFB40 /* WorkoutWizUITests.swift */ = {isa = PBXFileReference; lastKnownFileType = sourcecode.swift; path = WorkoutWizUITests.swift; sourceTree = "<group>"; };
		3ACF1A202AF8CA7B005AFB40 /* WorkoutWizUITestsLaunchTests.swift */ = {isa = PBXFileReference; lastKnownFileType = sourcecode.swift; path = WorkoutWizUITestsLaunchTests.swift; sourceTree = "<group>"; };
/* End PBXFileReference section */

/* Begin PBXFrameworksBuildPhase section */
		3ACF19FA2AF8CA7A005AFB40 /* Frameworks */ = {
			isa = PBXFrameworksBuildPhase;
			buildActionMask = 2147483647;
			files = (
				3A7260162B023B78007AF4E9 /* UI in Frameworks */,
				3A7260182B023B85007AF4E9 /* Preferences in Frameworks */,
				3A7260142B023B75007AF4E9 /* Persistence in Frameworks */,
				3A7260122B023B09007AF4E9 /* Domain in Frameworks */,
				3A72600E2B023B09007AF4E9 /* ApplicationServices in Frameworks */,
				3A7260102B023B09007AF4E9 /* DesignSystem in Frameworks */,
			);
			runOnlyForDeploymentPostprocessing = 0;
		};
		3ACF1A0D2AF8CA7B005AFB40 /* Frameworks */ = {
			isa = PBXFrameworksBuildPhase;
			buildActionMask = 2147483647;
			files = (
			);
			runOnlyForDeploymentPostprocessing = 0;
		};
		3ACF1A172AF8CA7B005AFB40 /* Frameworks */ = {
			isa = PBXFrameworksBuildPhase;
			buildActionMask = 2147483647;
			files = (
			);
			runOnlyForDeploymentPostprocessing = 0;
		};
/* End PBXFrameworksBuildPhase section */

/* Begin PBXGroup section */
		3A0D2FAE2B01F98600F1F371 /* Frameworks */ = {
			isa = PBXGroup;
			children = (
				3A0D2FFC2B02386400F1F371 /* ApplicationServices.framework */,
			);
			name = Frameworks;
			sourceTree = "<group>";
		};
		3A0D2FF12B02383300F1F371 /* Packages */ = {
			isa = PBXGroup;
			children = (
				3A72600B2B023AA6007AF4E9 /* FrameworksAndDrivers */,
				3A7260092B023A9B007AF4E9 /* ApplicationServices */,
				3A7260072B023A8D007AF4E9 /* DesignSystem */,
				3A7260052B023A7F007AF4E9 /* Domain */,
			);
			path = Packages;
			sourceTree = "<group>";
		};
		3A2C624D2B07640C0012D4A8 /* Navigation */ = {
			isa = PBXGroup;
			children = (
				3A51FAF22AF8CE1200404A4D /* WorkoutWizApp.swift */,
			);
			path = Navigation;
			sourceTree = "<group>";
		};
		3A51FAED2AF8CE1200404A4D /* App */ = {
			isa = PBXGroup;
			children = (
				3A2C624D2B07640C0012D4A8 /* Navigation */,
				3A7260192B025B7D007AF4E9 /* Resources */,
				3A51FAEF2AF8CE1200404A4D /* Assets.xcassets */,
				3A51FAF02AF8CE1200404A4D /* Preview Content */,
				3A51FAF32AF8CE1200404A4D /* WorkoutWiz.entitlements */,
			);
			path = App;
			sourceTree = "<group>";
		};
		3A51FAF02AF8CE1200404A4D /* Preview Content */ = {
			isa = PBXGroup;
			children = (
				3A51FAF12AF8CE1200404A4D /* Preview Assets.xcassets */,
			);
			path = "Preview Content";
			sourceTree = "<group>";
		};
		3A7260192B025B7D007AF4E9 /* Resources */ = {
			isa = PBXGroup;
			children = (
				3A72601C2B025F21007AF4E9 /* GoogleService-Info-Debug.plist */,
				3A72601D2B025F21007AF4E9 /* GoogleService-Info-Release.plist */,
			);
			path = Resources;
			sourceTree = "<group>";
		};
		3ACF19F42AF8CA7A005AFB40 = {
			isa = PBXGroup;
			children = (
				3A7260212B0264D9007AF4E9 /* GoogleService-Info.plist */,
				3A72601A2B025DFA007AF4E9 /* WorkoutWizApp-Debug.xcconfig */,
				3A72601B2B025E17007AF4E9 /* WorkoutWizApp-Release.xcconfig */,
				3A0D2FF12B02383300F1F371 /* Packages */,
				3A51FAED2AF8CE1200404A4D /* App */,
				3ACF1A132AF8CA7B005AFB40 /* WorkoutWizTests */,
				3ACF1A1D2AF8CA7B005AFB40 /* WorkoutWizUITests */,
				3ACF19FE2AF8CA7A005AFB40 /* Products */,
				3A0D2FAE2B01F98600F1F371 /* Frameworks */,
			);
			sourceTree = "<group>";
		};
		3ACF19FE2AF8CA7A005AFB40 /* Products */ = {
			isa = PBXGroup;
			children = (
				3ACF19FD2AF8CA7A005AFB40 /* WorkoutWiz.app */,
				3ACF1A102AF8CA7B005AFB40 /* WorkoutWizTests.xctest */,
				3ACF1A1A2AF8CA7B005AFB40 /* WorkoutWizUITests.xctest */,
			);
			name = Products;
			sourceTree = "<group>";
		};
		3ACF1A132AF8CA7B005AFB40 /* WorkoutWizTests */ = {
			isa = PBXGroup;
			children = (
				3ACF1A142AF8CA7B005AFB40 /* WorkoutWizTests.swift */,
			);
			path = WorkoutWizTests;
			sourceTree = "<group>";
		};
		3ACF1A1D2AF8CA7B005AFB40 /* WorkoutWizUITests */ = {
			isa = PBXGroup;
			children = (
				3ACF1A1E2AF8CA7B005AFB40 /* WorkoutWizUITests.swift */,
				3ACF1A202AF8CA7B005AFB40 /* WorkoutWizUITestsLaunchTests.swift */,
			);
			path = WorkoutWizUITests;
			sourceTree = "<group>";
		};
/* End PBXGroup section */

/* Begin PBXNativeTarget section */
		3ACF19FC2AF8CA7A005AFB40 /* WorkoutWiz */ = {
			isa = PBXNativeTarget;
			buildConfigurationList = 3ACF1A242AF8CA7B005AFB40 /* Build configuration list for PBXNativeTarget "WorkoutWiz" */;
			buildPhases = (
				3ACF19F92AF8CA7A005AFB40 /* Sources */,
				3ACF19FA2AF8CA7A005AFB40 /* Frameworks */,
				3ACF19FB2AF8CA7A005AFB40 /* Resources */,
				3A7260202B0263A1007AF4E9 /* CopyGoogleServiceInfoScript */,
			);
			buildRules = (
			);
			dependencies = (
			);
			name = WorkoutWiz;
			packageProductDependencies = (
				3A72600D2B023B09007AF4E9 /* ApplicationServices */,
				3A72600F2B023B09007AF4E9 /* DesignSystem */,
				3A7260112B023B09007AF4E9 /* Domain */,
				3A7260132B023B75007AF4E9 /* Persistence */,
				3A7260152B023B78007AF4E9 /* UI */,
				3A7260172B023B85007AF4E9 /* Preferences */,
			);
			productName = WorkoutWiz;
			productReference = 3ACF19FD2AF8CA7A005AFB40 /* WorkoutWiz.app */;
			productType = "com.apple.product-type.application";
		};
		3ACF1A0F2AF8CA7B005AFB40 /* WorkoutWizTests */ = {
			isa = PBXNativeTarget;
			buildConfigurationList = 3ACF1A272AF8CA7B005AFB40 /* Build configuration list for PBXNativeTarget "WorkoutWizTests" */;
			buildPhases = (
				3ACF1A0C2AF8CA7B005AFB40 /* Sources */,
				3ACF1A0D2AF8CA7B005AFB40 /* Frameworks */,
				3ACF1A0E2AF8CA7B005AFB40 /* Resources */,
			);
			buildRules = (
			);
			dependencies = (
				3ACF1A122AF8CA7B005AFB40 /* PBXTargetDependency */,
			);
			name = WorkoutWizTests;
			productName = WorkoutWizTests;
			productReference = 3ACF1A102AF8CA7B005AFB40 /* WorkoutWizTests.xctest */;
			productType = "com.apple.product-type.bundle.unit-test";
		};
		3ACF1A192AF8CA7B005AFB40 /* WorkoutWizUITests */ = {
			isa = PBXNativeTarget;
			buildConfigurationList = 3ACF1A2A2AF8CA7B005AFB40 /* Build configuration list for PBXNativeTarget "WorkoutWizUITests" */;
			buildPhases = (
				3ACF1A162AF8CA7B005AFB40 /* Sources */,
				3ACF1A172AF8CA7B005AFB40 /* Frameworks */,
				3ACF1A182AF8CA7B005AFB40 /* Resources */,
			);
			buildRules = (
			);
			dependencies = (
				3ACF1A1C2AF8CA7B005AFB40 /* PBXTargetDependency */,
			);
			name = WorkoutWizUITests;
			productName = WorkoutWizUITests;
			productReference = 3ACF1A1A2AF8CA7B005AFB40 /* WorkoutWizUITests.xctest */;
			productType = "com.apple.product-type.bundle.ui-testing";
		};
/* End PBXNativeTarget section */

/* Begin PBXProject section */
		3ACF19F52AF8CA7A005AFB40 /* Project object */ = {
			isa = PBXProject;
			attributes = {
				BuildIndependentTargetsInParallel = 1;
				LastSwiftUpdateCheck = 1500;
				LastUpgradeCheck = 1500;
				TargetAttributes = {
					3ACF19FC2AF8CA7A005AFB40 = {
						CreatedOnToolsVersion = 15.0.1;
					};
					3ACF1A0F2AF8CA7B005AFB40 = {
						CreatedOnToolsVersion = 15.0.1;
						TestTargetID = 3ACF19FC2AF8CA7A005AFB40;
					};
					3ACF1A192AF8CA7B005AFB40 = {
						CreatedOnToolsVersion = 15.0.1;
						TestTargetID = 3ACF19FC2AF8CA7A005AFB40;
					};
				};
			};
			buildConfigurationList = 3ACF19F82AF8CA7A005AFB40 /* Build configuration list for PBXProject "WorkoutWiz" */;
			compatibilityVersion = "Xcode 14.0";
			developmentRegion = en;
			hasScannedForEncodings = 0;
			knownRegions = (
				en,
				Base,
			);
			mainGroup = 3ACF19F42AF8CA7A005AFB40;
			packageReferences = (
			);
			productRefGroup = 3ACF19FE2AF8CA7A005AFB40 /* Products */;
			projectDirPath = "";
			projectRoot = "";
			targets = (
				3ACF19FC2AF8CA7A005AFB40 /* WorkoutWiz */,
				3ACF1A0F2AF8CA7B005AFB40 /* WorkoutWizTests */,
				3ACF1A192AF8CA7B005AFB40 /* WorkoutWizUITests */,
			);
		};
/* End PBXProject section */

/* Begin PBXResourcesBuildPhase section */
		3ACF19FB2AF8CA7A005AFB40 /* Resources */ = {
			isa = PBXResourcesBuildPhase;
			buildActionMask = 2147483647;
			files = (
				3A7260062B023A7F007AF4E9 /* Domain in Resources */,
				3A72600A2B023A9B007AF4E9 /* ApplicationServices in Resources */,
				3A72601E2B025F21007AF4E9 /* GoogleService-Info-Debug.plist in Resources */,
				3A51FAF72AF8CE1200404A4D /* Preview Assets.xcassets in Resources */,
				3A51FAF62AF8CE1200404A4D /* Assets.xcassets in Resources */,
				3A7260082B023A8D007AF4E9 /* DesignSystem in Resources */,
				3A72601F2B025F21007AF4E9 /* GoogleService-Info-Release.plist in Resources */,
				3A72600C2B023AA6007AF4E9 /* FrameworksAndDrivers in Resources */,
				3A7260222B0264D9007AF4E9 /* GoogleService-Info.plist in Resources */,
			);
			runOnlyForDeploymentPostprocessing = 0;
		};
		3ACF1A0E2AF8CA7B005AFB40 /* Resources */ = {
			isa = PBXResourcesBuildPhase;
			buildActionMask = 2147483647;
			files = (
			);
			runOnlyForDeploymentPostprocessing = 0;
		};
		3ACF1A182AF8CA7B005AFB40 /* Resources */ = {
			isa = PBXResourcesBuildPhase;
			buildActionMask = 2147483647;
			files = (
			);
			runOnlyForDeploymentPostprocessing = 0;
		};
/* End PBXResourcesBuildPhase section */

/* Begin PBXShellScriptBuildPhase section */
		3A7260202B0263A1007AF4E9 /* CopyGoogleServiceInfoScript */ = {
			isa = PBXShellScriptBuildPhase;
			buildActionMask = 8;
			files = (
			);
			inputFileListPaths = (
			);
			inputPaths = (
			);
			name = CopyGoogleServiceInfoScript;
			outputFileListPaths = (
			);
			outputPaths = (
			);
			runOnlyForDeploymentPostprocessing = 1;
			shellPath = /bin/sh;
			shellScript = "# Type a script or drag a script file from your workspace to insert its path.\n#!/bin/bash\n\n# Get the value of the GoogleServiceInfo variable from the xcconfig file\nGOOGLE_SERVICE_INFO=\"$GOOGLE_SERVICE_INFO\"\n\n# Destination path for the GoogleService-Info.plist file at the root\nDEST_PATH=\"$PROJECT_DIR/GoogleService-Info.plist\"\n\n# Source path for the GoogleService-Info-Release.plist file\nSOURCE_PATH=\"$PROJECT_DIR/App/Resources/$GOOGLE_SERVICE_INFO\"\n\n# Copy the Release configuration file to the root\ncat \"$SOURCE_PATH\" > \"$DEST_PATH\"\n";
		};
/* End PBXShellScriptBuildPhase section */

/* Begin PBXSourcesBuildPhase section */
		3ACF19F92AF8CA7A005AFB40 /* Sources */ = {
			isa = PBXSourcesBuildPhase;
			buildActionMask = 2147483647;
			files = (
				3A51FAF82AF8CE1200404A4D /* WorkoutWizApp.swift in Sources */,
			);
			runOnlyForDeploymentPostprocessing = 0;
		};
		3ACF1A0C2AF8CA7B005AFB40 /* Sources */ = {
			isa = PBXSourcesBuildPhase;
			buildActionMask = 2147483647;
			files = (
				3ACF1A152AF8CA7B005AFB40 /* WorkoutWizTests.swift in Sources */,
			);
			runOnlyForDeploymentPostprocessing = 0;
		};
		3ACF1A162AF8CA7B005AFB40 /* Sources */ = {
			isa = PBXSourcesBuildPhase;
			buildActionMask = 2147483647;
			files = (
				3ACF1A1F2AF8CA7B005AFB40 /* WorkoutWizUITests.swift in Sources */,
				3ACF1A212AF8CA7B005AFB40 /* WorkoutWizUITestsLaunchTests.swift in Sources */,
			);
			runOnlyForDeploymentPostprocessing = 0;
		};
/* End PBXSourcesBuildPhase section */

/* Begin PBXTargetDependency section */
		3ACF1A122AF8CA7B005AFB40 /* PBXTargetDependency */ = {
			isa = PBXTargetDependency;
			target = 3ACF19FC2AF8CA7A005AFB40 /* WorkoutWiz */;
			targetProxy = 3ACF1A112AF8CA7B005AFB40 /* PBXContainerItemProxy */;
		};
		3ACF1A1C2AF8CA7B005AFB40 /* PBXTargetDependency */ = {
			isa = PBXTargetDependency;
			target = 3ACF19FC2AF8CA7A005AFB40 /* WorkoutWiz */;
			targetProxy = 3ACF1A1B2AF8CA7B005AFB40 /* PBXContainerItemProxy */;
		};
/* End PBXTargetDependency section */

/* Begin XCBuildConfiguration section */
		3ACF1A222AF8CA7B005AFB40 /* Debug */ = {
			isa = XCBuildConfiguration;
			baseConfigurationReference = 3A72601A2B025DFA007AF4E9 /* WorkoutWizApp-Debug.xcconfig */;
			buildSettings = {
				ALWAYS_SEARCH_USER_PATHS = NO;
				ASSETCATALOG_COMPILER_GENERATE_SWIFT_ASSET_SYMBOL_EXTENSIONS = YES;
				CLANG_ANALYZER_NONNULL = YES;
				CLANG_ANALYZER_NUMBER_OBJECT_CONVERSION = YES_AGGRESSIVE;
				CLANG_CXX_LANGUAGE_STANDARD = "gnu++20";
				CLANG_ENABLE_MODULES = YES;
				CLANG_ENABLE_OBJC_ARC = YES;
				CLANG_ENABLE_OBJC_WEAK = YES;
				CLANG_WARN_BLOCK_CAPTURE_AUTORELEASING = YES;
				CLANG_WARN_BOOL_CONVERSION = YES;
				CLANG_WARN_COMMA = YES;
				CLANG_WARN_CONSTANT_CONVERSION = YES;
				CLANG_WARN_DEPRECATED_OBJC_IMPLEMENTATIONS = YES;
				CLANG_WARN_DIRECT_OBJC_ISA_USAGE = YES_ERROR;
				CLANG_WARN_DOCUMENTATION_COMMENTS = YES;
				CLANG_WARN_EMPTY_BODY = YES;
				CLANG_WARN_ENUM_CONVERSION = YES;
				CLANG_WARN_INFINITE_RECURSION = YES;
				CLANG_WARN_INT_CONVERSION = YES;
				CLANG_WARN_NON_LITERAL_NULL_CONVERSION = YES;
				CLANG_WARN_OBJC_IMPLICIT_RETAIN_SELF = YES;
				CLANG_WARN_OBJC_LITERAL_CONVERSION = YES;
				CLANG_WARN_OBJC_ROOT_CLASS = YES_ERROR;
				CLANG_WARN_QUOTED_INCLUDE_IN_FRAMEWORK_HEADER = YES;
				CLANG_WARN_RANGE_LOOP_ANALYSIS = YES;
				CLANG_WARN_STRICT_PROTOTYPES = YES;
				CLANG_WARN_SUSPICIOUS_MOVE = YES;
				CLANG_WARN_UNGUARDED_AVAILABILITY = YES_AGGRESSIVE;
				CLANG_WARN_UNREACHABLE_CODE = YES;
				CLANG_WARN__DUPLICATE_METHOD_MATCH = YES;
				COPY_PHASE_STRIP = NO;
				DEBUG_INFORMATION_FORMAT = dwarf;
				ENABLE_STRICT_OBJC_MSGSEND = YES;
				ENABLE_TESTABILITY = YES;
				ENABLE_USER_SCRIPT_SANDBOXING = NO;
				GCC_C_LANGUAGE_STANDARD = gnu17;
				GCC_DYNAMIC_NO_PIC = NO;
				GCC_NO_COMMON_BLOCKS = YES;
				GCC_OPTIMIZATION_LEVEL = 0;
				GCC_PREPROCESSOR_DEFINITIONS = (
					"DEBUG=1",
					"$(inherited)",
				);
				GCC_WARN_64_TO_32_BIT_CONVERSION = YES;
				GCC_WARN_ABOUT_RETURN_TYPE = YES_ERROR;
				GCC_WARN_UNDECLARED_SELECTOR = YES;
				GCC_WARN_UNINITIALIZED_AUTOS = YES_AGGRESSIVE;
				GCC_WARN_UNUSED_FUNCTION = YES;
				GCC_WARN_UNUSED_VARIABLE = YES;
				LOCALIZATION_PREFERS_STRING_CATALOGS = YES;
				MTL_ENABLE_DEBUG_INFO = INCLUDE_SOURCE;
				MTL_FAST_MATH = YES;
				ONLY_ACTIVE_ARCH = YES;
				SWIFT_ACTIVE_COMPILATION_CONDITIONS = "DEBUG $(inherited)";
				SWIFT_OPTIMIZATION_LEVEL = "-Onone";
			};
			name = Debug;
		};
		3ACF1A232AF8CA7B005AFB40 /* Release */ = {
			isa = XCBuildConfiguration;
			baseConfigurationReference = 3A72601B2B025E17007AF4E9 /* WorkoutWizApp-Release.xcconfig */;
			buildSettings = {
				ALWAYS_SEARCH_USER_PATHS = NO;
				ASSETCATALOG_COMPILER_GENERATE_SWIFT_ASSET_SYMBOL_EXTENSIONS = YES;
				CLANG_ANALYZER_NONNULL = YES;
				CLANG_ANALYZER_NUMBER_OBJECT_CONVERSION = YES_AGGRESSIVE;
				CLANG_CXX_LANGUAGE_STANDARD = "gnu++20";
				CLANG_ENABLE_MODULES = YES;
				CLANG_ENABLE_OBJC_ARC = YES;
				CLANG_ENABLE_OBJC_WEAK = YES;
				CLANG_WARN_BLOCK_CAPTURE_AUTORELEASING = YES;
				CLANG_WARN_BOOL_CONVERSION = YES;
				CLANG_WARN_COMMA = YES;
				CLANG_WARN_CONSTANT_CONVERSION = YES;
				CLANG_WARN_DEPRECATED_OBJC_IMPLEMENTATIONS = YES;
				CLANG_WARN_DIRECT_OBJC_ISA_USAGE = YES_ERROR;
				CLANG_WARN_DOCUMENTATION_COMMENTS = YES;
				CLANG_WARN_EMPTY_BODY = YES;
				CLANG_WARN_ENUM_CONVERSION = YES;
				CLANG_WARN_INFINITE_RECURSION = YES;
				CLANG_WARN_INT_CONVERSION = YES;
				CLANG_WARN_NON_LITERAL_NULL_CONVERSION = YES;
				CLANG_WARN_OBJC_IMPLICIT_RETAIN_SELF = YES;
				CLANG_WARN_OBJC_LITERAL_CONVERSION = YES;
				CLANG_WARN_OBJC_ROOT_CLASS = YES_ERROR;
				CLANG_WARN_QUOTED_INCLUDE_IN_FRAMEWORK_HEADER = YES;
				CLANG_WARN_RANGE_LOOP_ANALYSIS = YES;
				CLANG_WARN_STRICT_PROTOTYPES = YES;
				CLANG_WARN_SUSPICIOUS_MOVE = YES;
				CLANG_WARN_UNGUARDED_AVAILABILITY = YES_AGGRESSIVE;
				CLANG_WARN_UNREACHABLE_CODE = YES;
				CLANG_WARN__DUPLICATE_METHOD_MATCH = YES;
				COPY_PHASE_STRIP = NO;
				DEBUG_INFORMATION_FORMAT = "dwarf-with-dsym";
				ENABLE_NS_ASSERTIONS = NO;
				ENABLE_STRICT_OBJC_MSGSEND = YES;
				ENABLE_USER_SCRIPT_SANDBOXING = NO;
				GCC_C_LANGUAGE_STANDARD = gnu17;
				GCC_NO_COMMON_BLOCKS = YES;
				GCC_WARN_64_TO_32_BIT_CONVERSION = YES;
				GCC_WARN_ABOUT_RETURN_TYPE = YES_ERROR;
				GCC_WARN_UNDECLARED_SELECTOR = YES;
				GCC_WARN_UNINITIALIZED_AUTOS = YES_AGGRESSIVE;
				GCC_WARN_UNUSED_FUNCTION = YES;
				GCC_WARN_UNUSED_VARIABLE = YES;
				LOCALIZATION_PREFERS_STRING_CATALOGS = YES;
				MTL_ENABLE_DEBUG_INFO = NO;
				MTL_FAST_MATH = YES;
				SWIFT_COMPILATION_MODE = wholemodule;
			};
			name = Release;
		};
		3ACF1A252AF8CA7B005AFB40 /* Debug */ = {
			isa = XCBuildConfiguration;
			buildSettings = {
				ASSETCATALOG_COMPILER_APPICON_NAME = AppIcon;
				ASSETCATALOG_COMPILER_GLOBAL_ACCENT_COLOR_NAME = AccentColor;
				CODE_SIGN_ENTITLEMENTS = App/WorkoutWiz.entitlements;
				CODE_SIGN_STYLE = Automatic;
				CURRENT_PROJECT_VERSION = 1;
				DEVELOPMENT_ASSET_PATHS = "\"App/Preview Content\"";
				DEVELOPMENT_TEAM = 4AL2UK5Z4U;
				ENABLE_HARDENED_RUNTIME = YES;
				ENABLE_PREVIEWS = YES;
				GENERATE_INFOPLIST_FILE = YES;
				"INFOPLIST_KEY_UIApplicationSceneManifest_Generation[sdk=iphoneos*]" = YES;
				"INFOPLIST_KEY_UIApplicationSceneManifest_Generation[sdk=iphonesimulator*]" = YES;
				"INFOPLIST_KEY_UIApplicationSupportsIndirectInputEvents[sdk=iphoneos*]" = YES;
				"INFOPLIST_KEY_UIApplicationSupportsIndirectInputEvents[sdk=iphonesimulator*]" = YES;
				"INFOPLIST_KEY_UILaunchScreen_Generation[sdk=iphoneos*]" = YES;
				"INFOPLIST_KEY_UILaunchScreen_Generation[sdk=iphonesimulator*]" = YES;
				"INFOPLIST_KEY_UIStatusBarStyle[sdk=iphoneos*]" = UIStatusBarStyleDefault;
				"INFOPLIST_KEY_UIStatusBarStyle[sdk=iphonesimulator*]" = UIStatusBarStyleDefault;
				INFOPLIST_KEY_UISupportedInterfaceOrientations_iPad = "UIInterfaceOrientationPortrait UIInterfaceOrientationPortraitUpsideDown UIInterfaceOrientationLandscapeLeft UIInterfaceOrientationLandscapeRight";
				INFOPLIST_KEY_UISupportedInterfaceOrientations_iPhone = "UIInterfaceOrientationPortrait UIInterfaceOrientationLandscapeLeft UIInterfaceOrientationLandscapeRight";
				IPHONEOS_DEPLOYMENT_TARGET = 17.0;
				LD_RUNPATH_SEARCH_PATHS = "@executable_path/Frameworks";
				"LD_RUNPATH_SEARCH_PATHS[sdk=macosx*]" = "@executable_path/../Frameworks";
				MACOSX_DEPLOYMENT_TARGET = 14.0;
				MARKETING_VERSION = 1.0;
				PRODUCT_BUNDLE_IDENTIFIER = com.phychicowl.WorkoutWiz;
				PRODUCT_NAME = "$(TARGET_NAME)";
				SDKROOT = auto;
				SUPPORTED_PLATFORMS = "iphoneos iphonesimulator macosx";
				SWIFT_EMIT_LOC_STRINGS = YES;
				SWIFT_VERSION = 5.0;
				TARGETED_DEVICE_FAMILY = "1,2";
			};
			name = Debug;
		};
		3ACF1A262AF8CA7B005AFB40 /* Release */ = {
			isa = XCBuildConfiguration;
			buildSettings = {
				ASSETCATALOG_COMPILER_APPICON_NAME = AppIcon;
				ASSETCATALOG_COMPILER_GLOBAL_ACCENT_COLOR_NAME = AccentColor;
				CODE_SIGN_ENTITLEMENTS = App/WorkoutWiz.entitlements;
				CODE_SIGN_STYLE = Automatic;
				CURRENT_PROJECT_VERSION = 1;
				DEVELOPMENT_ASSET_PATHS = "\"App/Preview Content\"";
				DEVELOPMENT_TEAM = 4AL2UK5Z4U;
				ENABLE_HARDENED_RUNTIME = YES;
				ENABLE_PREVIEWS = YES;
				GENERATE_INFOPLIST_FILE = YES;
				"INFOPLIST_KEY_UIApplicationSceneManifest_Generation[sdk=iphoneos*]" = YES;
				"INFOPLIST_KEY_UIApplicationSceneManifest_Generation[sdk=iphonesimulator*]" = YES;
				"INFOPLIST_KEY_UIApplicationSupportsIndirectInputEvents[sdk=iphoneos*]" = YES;
				"INFOPLIST_KEY_UIApplicationSupportsIndirectInputEvents[sdk=iphonesimulator*]" = YES;
				"INFOPLIST_KEY_UILaunchScreen_Generation[sdk=iphoneos*]" = YES;
				"INFOPLIST_KEY_UILaunchScreen_Generation[sdk=iphonesimulator*]" = YES;
				"INFOPLIST_KEY_UIStatusBarStyle[sdk=iphoneos*]" = UIStatusBarStyleDefault;
				"INFOPLIST_KEY_UIStatusBarStyle[sdk=iphonesimulator*]" = UIStatusBarStyleDefault;
				INFOPLIST_KEY_UISupportedInterfaceOrientations_iPad = "UIInterfaceOrientationPortrait UIInterfaceOrientationPortraitUpsideDown UIInterfaceOrientationLandscapeLeft UIInterfaceOrientationLandscapeRight";
				INFOPLIST_KEY_UISupportedInterfaceOrientations_iPhone = "UIInterfaceOrientationPortrait UIInterfaceOrientationLandscapeLeft UIInterfaceOrientationLandscapeRight";
				IPHONEOS_DEPLOYMENT_TARGET = 17.0;
				LD_RUNPATH_SEARCH_PATHS = "@executable_path/Frameworks";
				"LD_RUNPATH_SEARCH_PATHS[sdk=macosx*]" = "@executable_path/../Frameworks";
				MACOSX_DEPLOYMENT_TARGET = 14.0;
				MARKETING_VERSION = 1.0;
				PRODUCT_BUNDLE_IDENTIFIER = com.phychicowl.WorkoutWiz;
				PRODUCT_NAME = "$(TARGET_NAME)";
				SDKROOT = auto;
				SUPPORTED_PLATFORMS = "iphoneos iphonesimulator macosx";
				SWIFT_EMIT_LOC_STRINGS = YES;
				SWIFT_VERSION = 5.0;
				TARGETED_DEVICE_FAMILY = "1,2";
			};
			name = Release;
		};
		3ACF1A282AF8CA7B005AFB40 /* Debug */ = {
			isa = XCBuildConfiguration;
			buildSettings = {
				ALWAYS_EMBED_SWIFT_STANDARD_LIBRARIES = YES;
				BUNDLE_LOADER = "$(TEST_HOST)";
				CODE_SIGN_STYLE = Automatic;
				CURRENT_PROJECT_VERSION = 1;
				DEVELOPMENT_TEAM = 4AL2UK5Z4U;
				GENERATE_INFOPLIST_FILE = YES;
				IPHONEOS_DEPLOYMENT_TARGET = 17.0;
				MACOSX_DEPLOYMENT_TARGET = 14.0;
				MARKETING_VERSION = 1.0;
				PRODUCT_BUNDLE_IDENTIFIER = com.phychicowl.WorkoutWizTests;
				PRODUCT_NAME = "$(TARGET_NAME)";
				SDKROOT = auto;
				SUPPORTED_PLATFORMS = "iphoneos iphonesimulator macosx";
				SWIFT_EMIT_LOC_STRINGS = NO;
				SWIFT_VERSION = 5.0;
				TARGETED_DEVICE_FAMILY = "1,2";
				TEST_HOST = "$(BUILT_PRODUCTS_DIR)/WorkoutWiz.app/$(BUNDLE_EXECUTABLE_FOLDER_PATH)/WorkoutWiz";
			};
			name = Debug;
		};
		3ACF1A292AF8CA7B005AFB40 /* Release */ = {
			isa = XCBuildConfiguration;
			buildSettings = {
				ALWAYS_EMBED_SWIFT_STANDARD_LIBRARIES = YES;
				BUNDLE_LOADER = "$(TEST_HOST)";
				CODE_SIGN_STYLE = Automatic;
				CURRENT_PROJECT_VERSION = 1;
				DEVELOPMENT_TEAM = 4AL2UK5Z4U;
				GENERATE_INFOPLIST_FILE = YES;
				IPHONEOS_DEPLOYMENT_TARGET = 17.0;
				MACOSX_DEPLOYMENT_TARGET = 14.0;
				MARKETING_VERSION = 1.0;
				PRODUCT_BUNDLE_IDENTIFIER = com.phychicowl.WorkoutWizTests;
				PRODUCT_NAME = "$(TARGET_NAME)";
				SDKROOT = auto;
				SUPPORTED_PLATFORMS = "iphoneos iphonesimulator macosx";
				SWIFT_EMIT_LOC_STRINGS = NO;
				SWIFT_VERSION = 5.0;
				TARGETED_DEVICE_FAMILY = "1,2";
				TEST_HOST = "$(BUILT_PRODUCTS_DIR)/WorkoutWiz.app/$(BUNDLE_EXECUTABLE_FOLDER_PATH)/WorkoutWiz";
			};
			name = Release;
		};
		3ACF1A2B2AF8CA7B005AFB40 /* Debug */ = {
			isa = XCBuildConfiguration;
			buildSettings = {
				ALWAYS_EMBED_SWIFT_STANDARD_LIBRARIES = YES;
				CODE_SIGN_STYLE = Automatic;
				CURRENT_PROJECT_VERSION = 1;
				DEVELOPMENT_TEAM = 4AL2UK5Z4U;
				GENERATE_INFOPLIST_FILE = YES;
				IPHONEOS_DEPLOYMENT_TARGET = 17.0;
				MACOSX_DEPLOYMENT_TARGET = 14.0;
				MARKETING_VERSION = 1.0;
				PRODUCT_BUNDLE_IDENTIFIER = com.phychicowl.WorkoutWizUITests;
				PRODUCT_NAME = "$(TARGET_NAME)";
				SDKROOT = auto;
				SUPPORTED_PLATFORMS = "iphoneos iphonesimulator macosx";
				SWIFT_EMIT_LOC_STRINGS = NO;
				SWIFT_VERSION = 5.0;
				TARGETED_DEVICE_FAMILY = "1,2";
				TEST_TARGET_NAME = WorkoutWiz;
			};
			name = Debug;
		};
		3ACF1A2C2AF8CA7B005AFB40 /* Release */ = {
			isa = XCBuildConfiguration;
			buildSettings = {
				ALWAYS_EMBED_SWIFT_STANDARD_LIBRARIES = YES;
				CODE_SIGN_STYLE = Automatic;
				CURRENT_PROJECT_VERSION = 1;
				DEVELOPMENT_TEAM = 4AL2UK5Z4U;
				GENERATE_INFOPLIST_FILE = YES;
				IPHONEOS_DEPLOYMENT_TARGET = 17.0;
				MACOSX_DEPLOYMENT_TARGET = 14.0;
				MARKETING_VERSION = 1.0;
				PRODUCT_BUNDLE_IDENTIFIER = com.phychicowl.WorkoutWizUITests;
				PRODUCT_NAME = "$(TARGET_NAME)";
				SDKROOT = auto;
				SUPPORTED_PLATFORMS = "iphoneos iphonesimulator macosx";
				SWIFT_EMIT_LOC_STRINGS = NO;
				SWIFT_VERSION = 5.0;
				TARGETED_DEVICE_FAMILY = "1,2";
				TEST_TARGET_NAME = WorkoutWiz;
			};
			name = Release;
		};
/* End XCBuildConfiguration section */

/* Begin XCConfigurationList section */
		3ACF19F82AF8CA7A005AFB40 /* Build configuration list for PBXProject "WorkoutWiz" */ = {
			isa = XCConfigurationList;
			buildConfigurations = (
				3ACF1A222AF8CA7B005AFB40 /* Debug */,
				3ACF1A232AF8CA7B005AFB40 /* Release */,
			);
			defaultConfigurationIsVisible = 0;
			defaultConfigurationName = Release;
		};
		3ACF1A242AF8CA7B005AFB40 /* Build configuration list for PBXNativeTarget "WorkoutWiz" */ = {
			isa = XCConfigurationList;
			buildConfigurations = (
				3ACF1A252AF8CA7B005AFB40 /* Debug */,
				3ACF1A262AF8CA7B005AFB40 /* Release */,
			);
			defaultConfigurationIsVisible = 0;
			defaultConfigurationName = Release;
		};
		3ACF1A272AF8CA7B005AFB40 /* Build configuration list for PBXNativeTarget "WorkoutWizTests" */ = {
			isa = XCConfigurationList;
			buildConfigurations = (
				3ACF1A282AF8CA7B005AFB40 /* Debug */,
				3ACF1A292AF8CA7B005AFB40 /* Release */,
			);
			defaultConfigurationIsVisible = 0;
			defaultConfigurationName = Release;
		};
		3ACF1A2A2AF8CA7B005AFB40 /* Build configuration list for PBXNativeTarget "WorkoutWizUITests" */ = {
			isa = XCConfigurationList;
			buildConfigurations = (
				3ACF1A2B2AF8CA7B005AFB40 /* Debug */,
				3ACF1A2C2AF8CA7B005AFB40 /* Release */,
			);
			defaultConfigurationIsVisible = 0;
			defaultConfigurationName = Release;
		};
/* End XCConfigurationList section */

/* Begin XCSwiftPackageProductDependency section */
		3A72600D2B023B09007AF4E9 /* ApplicationServices */ = {
			isa = XCSwiftPackageProductDependency;
			productName = ApplicationServices;
		};
		3A72600F2B023B09007AF4E9 /* DesignSystem */ = {
			isa = XCSwiftPackageProductDependency;
			productName = DesignSystem;
		};
		3A7260112B023B09007AF4E9 /* Domain */ = {
			isa = XCSwiftPackageProductDependency;
			productName = Domain;
		};
		3A7260132B023B75007AF4E9 /* Persistence */ = {
			isa = XCSwiftPackageProductDependency;
			productName = Persistence;
		};
		3A7260152B023B78007AF4E9 /* UI */ = {
			isa = XCSwiftPackageProductDependency;
			productName = UI;
		};
		3A7260172B023B85007AF4E9 /* Preferences */ = {
			isa = XCSwiftPackageProductDependency;
			productName = Preferences;
		};
/* End XCSwiftPackageProductDependency section */
	};
	rootObject = 3ACF19F52AF8CA7A005AFB40 /* Project object */;
}
